
Microsoft Visual Studio Solution File, Format Version 12.00
# Visual Studio Version 17
VisualStudioVersion = 17.14.36705.20
MinimumVisualStudioVersion = 10.0.40219.1
Project("{FAE04EC0-301F-11D3-BF4B-00C04F79EFBC}") = "MusztangSE.Frontend", "MusztangSE.Frontend\MusztangSE.Frontend.csproj", "{C3E0D2FC-DFB2-43D3-B3AD-C1BE104578F4}"
EndProject
Project("{FAE04EC0-301F-11D3-BF4B-00C04F79EFBC}") = "MusztangSe.Library", "MusztangSe.Library\MusztangSe.Library.csproj", "{E083EC3B-FEF5-4E6E-8681-6172FA08EF0B}"
EndProject
Project("{FAE04EC0-301F-11D3-BF4B-00C04F79EFBC}") = "MusztangSE_WebAPI", "MusztangSE_WebAPI\MusztangSE_WebAPI.csproj", "{5A582F6E-9EEF-4D14-A462-7C3EC5DEEA00}"
EndProject
Project("{2150E333-8FDC-42A3-9474-1A3956D46DE8}") = "Solution Items", "Solution Items", "{8EC462FD-D22E-90A8-E5CE-7E832BA40C5D}"
	ProjectSection(SolutionItems) = preProject
		.gitignore = .gitignore
	EndProjectSection
EndProject
Project("{FAE04EC0-301F-11D3-BF4B-00C04F79EFBC}") = "MusztangSe.Teszt", "MusztangSe.Teszt\MusztangSe.Teszt.csproj", "{8FACC79E-8B96-491F-B871-2DAD807C0F61}"
EndProject
Global
	GlobalSection(SolutionConfigurationPlatforms) = preSolution
		Debug|Any CPU = Debug|Any CPU
		Release|Any CPU = Release|Any CPU
	EndGlobalSection
	GlobalSection(ProjectConfigurationPlatforms) = postSolution
		{C3E0D2FC-DFB2-43D3-B3AD-C1BE104578F4}.Debug|Any CPU.ActiveCfg = Debug|Any CPU
		{C3E0D2FC-DFB2-43D3-B3AD-C1BE104578F4}.Debug|Any CPU.Build.0 = Debug|Any CPU
		{C3E0D2FC-DFB2-43D3-B3AD-C1BE104578F4}.Release|Any CPU.ActiveCfg = Release|Any CPU
		{C3E0D2FC-DFB2-43D3-B3AD-C1BE104578F4}.Release|Any CPU.Build.0 = Release|Any CPU
		{E083EC3B-FEF5-4E6E-8681-6172FA08EF0B}.Debug|Any CPU.ActiveCfg = Debug|Any CPU
		{E083EC3B-FEF5-4E6E-8681-6172FA08EF0B}.Debug|Any CPU.Build.0 = Debug|Any CPU
		{E083EC3B-FEF5-4E6E-8681-6172FA08EF0B}.Release|Any CPU.ActiveCfg = Release|Any CPU
		{E083EC3B-FEF5-4E6E-8681-6172FA08EF0B}.Release|Any CPU.Build.0 = Release|Any CPU
		{5A582F6E-9EEF-4D14-A462-7C3EC5DEEA00}.Debug|Any CPU.ActiveCfg = Debug|Any CPU
		{5A582F6E-9EEF-4D14-A462-7C3EC5DEEA00}.Debug|Any CPU.Build.0 = Debug|Any CPU
		{5A582F6E-9EEF-4D14-A462-7C3EC5DEEA00}.Release|Any CPU.ActiveCfg = Release|Any CPU
		{5A582F6E-9EEF-4D14-A462-7C3EC5DEEA00}.Release|Any CPU.Build.0 = Release|Any CPU
		{8FACC79E-8B96-491F-B871-2DAD807C0F61}.Debug|Any CPU.ActiveCfg = Debug|Any CPU
		{8FACC79E-8B96-491F-B871-2DAD807C0F61}.Debug|Any CPU.Build.0 = Debug|Any CPU
		{8FACC79E-8B96-491F-B871-2DAD807C0F61}.Release|Any CPU.ActiveCfg = Release|Any CPU
		{8FACC79E-8B96-491F-B871-2DAD807C0F61}.Release|Any CPU.Build.0 = Release|Any CPU
	EndGlobalSection
	GlobalSection(SolutionProperties) = preSolution
		HideSolutionNode = FALSE
	EndGlobalSection
	GlobalSection(ExtensibilityGlobals) = postSolution
		SolutionGuid = {36DC7C84-CB2D-4102-8FDA-0DDB3B054F1D}
	EndGlobalSection
EndGlobal
